
Microsoft Visual Studio Solution File, Format Version 12.00
# Visual Studio Version 17
VisualStudioVersion = 17.9.34728.123
MinimumVisualStudioVersion = 10.0.40219.1
Project("{FAE04EC0-301F-11D3-BF4B-00C04F79EFBC}") = "Rumassa.API", "Rumassa.API\Rumassa.API.csproj", "{0645F73B-E9EB-4B13-95EA-56C763D72B97}"
EndProject
Global
	GlobalSection(SolutionConfigurationPlatforms) = preSolution
		Debug|Any CPU = Debug|Any CPU
		Release|Any CPU = Release|Any CPU
	EndGlobalSection
	GlobalSection(ProjectConfigurationPlatforms) = postSolution
		{0645F73B-E9EB-4B13-95EA-56C763D72B97}.Debug|Any CPU.ActiveCfg = Debug|Any CPU
		{0645F73B-E9EB-4B13-95EA-56C763D72B97}.Debug|Any CPU.Build.0 = Debug|Any CPU
		{0645F73B-E9EB-4B13-95EA-56C763D72B97}.Release|Any CPU.ActiveCfg = Release|Any CPU
		{0645F73B-E9EB-4B13-95EA-56C763D72B97}.Release|Any CPU.Build.0 = Release|Any CPU
	EndGlobalSection
	GlobalSection(SolutionProperties) = preSolution
		HideSolutionNode = FALSE
	EndGlobalSection
	GlobalSection(ExtensibilityGlobals) = postSolution
		SolutionGuid = {BCEB0AC4-8D7C-45D0-8D54-EDDCDF04D699}
	EndGlobalSection
EndGlobal
